
Microsoft Visual Studio Solution File, Format Version 12.00
# Visual Studio Version 17
VisualStudioVersion = 17.7.34003.232
MinimumVisualStudioVersion = 10.0.40219.1
Project("{9A19103F-16F7-4668-BE54-9A1E7A4F7556}") = "TecIcaClient.WebApi", "TecIcaClient.WebApi\TecIcaClient.WebApi.csproj", "{AA33E26F-A0C0-4CB6-AFB3-016F11E8C504}"
EndProject
Global
	GlobalSection(SolutionConfigurationPlatforms) = preSolution
		Debug|Any CPU = Debug|Any CPU
		Release|Any CPU = Release|Any CPU
	EndGlobalSection
	GlobalSection(ProjectConfigurationPlatforms) = postSolution
		{AA33E26F-A0C0-4CB6-AFB3-016F11E8C504}.Debug|Any CPU.ActiveCfg = Debug|Any CPU
		{AA33E26F-A0C0-4CB6-AFB3-016F11E8C504}.Debug|Any CPU.Build.0 = Debug|Any CPU
		{AA33E26F-A0C0-4CB6-AFB3-016F11E8C504}.Release|Any CPU.ActiveCfg = Release|Any CPU
		{AA33E26F-A0C0-4CB6-AFB3-016F11E8C504}.Release|Any CPU.Build.0 = Release|Any CPU
	EndGlobalSection
	GlobalSection(SolutionProperties) = preSolution
		HideSolutionNode = FALSE
	EndGlobalSection
	GlobalSection(ExtensibilityGlobals) = postSolution
		SolutionGuid = {52442B9C-421D-4CAE-8AF7-C3ABB17335B0}
	EndGlobalSection
EndGlobal
